// !$*UTF8*$!
{
	archiveVersion = 1;
	classes = {
	};
	objectVersion = 46;
	objects = {

/* Begin PBXBuildFile section */
		1F7F5BFA1C034A8D0057BC13 /* AppDelegate.swift in Sources */ = {isa = PBXBuildFile; fileRef = 1F7F5BF91C034A8D0057BC13 /* AppDelegate.swift */; };
		1F7F5BFC1C034A8D0057BC13 /* ViewController.swift in Sources */ = {isa = PBXBuildFile; fileRef = 1F7F5BFB1C034A8D0057BC13 /* ViewController.swift */; };
		1F7F5BFF1C034A8D0057BC13 /* Main.storyboard in Resources */ = {isa = PBXBuildFile; fileRef = 1F7F5BFD1C034A8D0057BC13 /* Main.storyboard */; };
		1F7F5C011C034A8D0057BC13 /* Assets.xcassets in Resources */ = {isa = PBXBuildFile; fileRef = 1F7F5C001C034A8D0057BC13 /* Assets.xcassets */; };
		1F7F5C041C034A8D0057BC13 /* LaunchScreen.storyboard in Resources */ = {isa = PBXBuildFile; fileRef = 1F7F5C021C034A8D0057BC13 /* LaunchScreen.storyboard */; };
/* End PBXBuildFile section */

/* Begin PBXFileReference section */
		1F7F5BF61C034A8D0057BC13 /* Q&A.app */ = {isa = PBXFileReference; explicitFileType = wrapper.application; includeInIndex = 0; path = "Q&A.app"; sourceTree = BUILT_PRODUCTS_DIR; };
		1F7F5BF91C034A8D0057BC13 /* AppDelegate.swift */ = {isa = PBXFileReference; lastKnownFileType = sourcecode.swift; path = AppDelegate.swift; sourceTree = "<group>"; };
		1F7F5BFB1C034A8D0057BC13 /* ViewController.swift */ = {isa = PBXFileReference; lastKnownFileType = sourcecode.swift; path = ViewController.swift; sourceTree = "<group>"; };
		1F7F5BFE1C034A8D0057BC13 /* Base */ = {isa = PBXFileReference; lastKnownFileType = file.storyboard; name = Base; path = Base.lproj/Main.storyboard; sourceTree = "<group>"; };
		1F7F5C001C034A8D0057BC13 /* Assets.xcassets */ = {isa = PBXFileReference; lastKnownFileType = folder.assetcatalog; path = Assets.xcassets; sourceTree = "<group>"; };
		1F7F5C031C034A8D0057BC13 /* Base */ = {isa = PBXFileReference; lastKnownFileType = file.storyboard; name = Base; path = Base.lproj/LaunchScreen.storyboard; sourceTree = "<group>"; };
		1F7F5C051C034A8D0057BC13 /* Info.plist */ = {isa = PBXFileReference; lastKnownFileType = text.plist.xml; path = Info.plist; sourceTree = "<group>"; };
/* End PBXFileReference section */

/* Begin PBXFrameworksBuildPhase section */
		1F7F5BF31C034A8D0057BC13 /* Frameworks */ = {
			isa = PBXFrameworksBuildPhase;
			buildActionMask = 2147483647;
			files = (
			);
			runOnlyForDeploymentPostprocessing = 0;
		};
/* End PBXFrameworksBuildPhase section */

/* Begin PBXGroup section */
		1F7F5BED1C034A8D0057BC13 = {
			isa = PBXGroup;
			children = (
				1F7F5BF81C034A8D0057BC13 /* Q&A */,
				1F7F5BF71C034A8D0057BC13 /* Products */,
			);
			sourceTree = "<group>";
		};
		1F7F5BF71C034A8D0057BC13 /* Products */ = {
			isa = PBXGroup;
			children = (
				1F7F5BF61C034A8D0057BC13 /* Q&A.app */,
			);
			name = Products;
			sourceTree = "<group>";
		};
		1F7F5BF81C034A8D0057BC13 /* Q&A */ = {
			isa = PBXGroup;
			children = (
				1F7F5BF91C034A8D0057BC13 /* AppDelegate.swift */,
				1F7F5BFB1C034A8D0057BC13 /* ViewController.swift */,
				1F7F5BFD1C034A8D0057BC13 /* Main.storyboard */,
				1F7F5C001C034A8D0057BC13 /* Assets.xcassets */,
				1F7F5C021C034A8D0057BC13 /* LaunchScreen.storyboard */,
				1F7F5C051C034A8D0057BC13 /* Info.plist */,
			);
			path = "Q&A";
			sourceTree = "<group>";
		};
/* End PBXGroup section */

/* Begin PBXNativeTarget section */
		1F7F5BF51C034A8D0057BC13 /* Q&A */ = {
			isa = PBXNativeTarget;
			buildConfigurationList = 1F7F5C081C034A8D0057BC13 /* Build configuration list for PBXNativeTarget "Q&A" */;
			buildPhases = (
				1F7F5BF21C034A8D0057BC13 /* Sources */,
				1F7F5BF31C034A8D0057BC13 /* Frameworks */,
				1F7F5BF41C034A8D0057BC13 /* Resources */,
			);
			buildRules = (
			);
			dependencies = (
			);
			name = "Q&A";
			productName = "Q&A";
			productReference = 1F7F5BF61C034A8D0057BC13 /* Q&A.app */;
			productType = "com.apple.product-type.application";
		};
/* End PBXNativeTarget section */

/* Begin PBXProject section */
		1F7F5BEE1C034A8D0057BC13 /* Project object */ = {
			isa = PBXProject;
			attributes = {
				LastSwiftUpdateCheck = 0710;
				LastUpgradeCheck = 0710;
				ORGANIZATIONNAME = "胡振生";
				TargetAttributes = {
					1F7F5BF51C034A8D0057BC13 = {
						CreatedOnToolsVersion = 7.1;
						DevelopmentTeam = 5ZFJLS9N8F;
					};
				};
			};
			buildConfigurationList = 1F7F5BF11C034A8D0057BC13 /* Build configuration list for PBXProject "Q&A" */;
			compatibilityVersion = "Xcode 3.2";
			developmentRegion = English;
			hasScannedForEncodings = 0;
			knownRegions = (
				en,
				Base,
			);
			mainGroup = 1F7F5BED1C034A8D0057BC13;
			productRefGroup = 1F7F5BF71C034A8D0057BC13 /* Products */;
			projectDirPath = "";
			projectRoot = "";
			targets = (
				1F7F5BF51C034A8D0057BC13 /* Q&A */,
			);
		};
/* End PBXProject section */

/* Begin PBXResourcesBuildPhase section */
		1F7F5BF41C034A8D0057BC13 /* Resources */ = {
			isa = PBXResourcesBuildPhase;
			buildActionMask = 2147483647;
			files = (
				1F7F5C041C034A8D0057BC13 /* LaunchScreen.storyboard in Resources */,
				1F7F5C011C034A8D0057BC13 /* Assets.xcassets in Resources */,
				1F7F5BFF1C034A8D0057BC13 /* Main.storyboard in Resources */,
			);
			runOnlyForDeploymentPostprocessing = 0;
		};
/* End PBXResourcesBuildPhase section */

/* Begin PBXSourcesBuildPhase section */
		1F7F5BF21C034A8D0057BC13 /* Sources */ = {
			isa = PBXSourcesBuildPhase;
			buildActionMask = 2147483647;
			files = (
				1F7F5BFC1C034A8D0057BC13 /* ViewController.swift in Sources */,
				1F7F5BFA1C034A8D0057BC13 /* AppDelegate.swift in Sources */,
			);
			runOnlyForDeploymentPostprocessing = 0;
		};
/* End PBXSourcesBuildPhase section */

/* Begin PBXVariantGroup section */
		1F7F5BFD1C034A8D0057BC13 /* Main.storyboard */ = {
			isa = PBXVariantGroup;
			children = (
				1F7F5BFE1C034A8D0057BC13 /* Base */,
			);
			name = Main.storyboard;
			sourceTree = "<group>";
		};
		1F7F5C021C034A8D0057BC13 /* LaunchScreen.storyboard */ = {
			isa = PBXVariantGroup;
			children = (
				1F7F5C031C034A8D0057BC13 /* Base */,
			);
			name = LaunchScreen.storyboard;
			sourceTree = "<group>";
		};
/* End PBXVariantGroup section */

/* Begin XCBuildConfiguration section */
		1F7F5C061C034A8D0057BC13 /* Debug */ = {
			isa = XCBuildConfiguration;
			buildSettings = {
				ALWAYS_SEARCH_USER_PATHS = NO;
				CLANG_CXX_LANGUAGE_STANDARD = "gnu++0x";
				CLANG_CXX_LIBRARY = "libc++";
				CLANG_ENABLE_MODULES = YES;
				CLANG_ENABLE_OBJC_ARC = YES;
				CLANG_WARN_BOOL_CONVERSION = YES;
				CLANG_WARN_CONSTANT_CONVERSION = YES;
				CLANG_WARN_DIRECT_OBJC_ISA_USAGE = YES_ERROR;
				CLANG_WARN_EMPTY_BODY = YES;
				CLANG_WARN_ENUM_CONVERSION = YES;
				CLANG_WARN_INT_CONVERSION = YES;
				CLANG_WARN_OBJC_ROOT_CLASS = YES_ERROR;
				CLANG_WARN_UNREACHABLE_CODE = YES;
				CLANG_WARN__DUPLICATE_METHOD_MATCH = YES;
				"CODE_SIGN_IDENTITY[sdk=iphoneos*]" = "iPhone Developer";
				COPY_PHASE_STRIP = NO;
				DEBUG_INFORMATION_FORMAT = dwarf;
				ENABLE_STRICT_OBJC_MSGSEND = YES;
				ENABLE_TESTABILITY = YES;
				GCC_C_LANGUAGE_STANDARD = gnu99;
				GCC_DYNAMIC_NO_PIC = NO;
				GCC_NO_COMMON_BLOCKS = YES;
				GCC_OPTIMIZATION_LEVEL = 0;
				GCC_PREPROCESSOR_DEFINITIONS = (
					"DEBUG=1",
					"$(inherited)",
				);
				GCC_WARN_64_TO_32_BIT_CONVERSION = YES;
				GCC_WARN_ABOUT_RETURN_TYPE = YES_ERROR;
				GCC_WARN_UNDECLARED_SELECTOR = YES;
				GCC_WARN_UNINITIALIZED_AUTOS = YES_AGGRESSIVE;
				GCC_WARN_UNUSED_FUNCTION = YES;
				GCC_WARN_UNUSED_VARIABLE = YES;
				IPHONEOS_DEPLOYMENT_TARGET = 9.1;
				MTL_ENABLE_DEBUG_INFO = YES;
				ONLY_ACTIVE_ARCH = YES;
				SDKROOT = iphoneos;
				SWIFT_OPTIMIZATION_LEVEL = "-Onone";
			};
			name = Debug;
		};
		1F7F5C071C034A8D0057BC13 /* Release */ = {
			isa = XCBuildConfiguration;
			buildSettings = {
				ALWAYS_SEARCH_USER_PATHS = NO;
				CLANG_CXX_LANGUAGE_STANDARD = "gnu++0x";
				CLANG_CXX_LIBRARY = "libc++";
				CLANG_ENABLE_MODULES = YES;
				CLANG_ENABLE_OBJC_ARC = YES;
				CLANG_WARN_BOOL_CONVERSION = YES;
				CLANG_WARN_CONSTANT_CONVERSION = YES;
				CLANG_WARN_DIRECT_OBJC_ISA_USAGE = YES_ERROR;
				CLANG_WARN_EMPTY_BODY = YES;
				CLANG_WARN_ENUM_CONVERSION = YES;
				CLANG_WARN_INT_CONVERSION = YES;
				CLANG_WARN_OBJC_ROOT_CLASS = YES_ERROR;
				CLANG_WARN_UNREACHABLE_CODE = YES;
				CLANG_WARN__DUPLICATE_METHOD_MATCH = YES;
				"CODE_SIGN_IDENTITY[sdk=iphoneos*]" = "iPhone Developer";
				COPY_PHASE_STRIP = NO;
				DEBUG_INFORMATION_FORMAT = "dwarf-with-dsym";
				ENABLE_NS_ASSERTIONS = NO;
				ENABLE_STRICT_OBJC_MSGSEND = YES;
				GCC_C_LANGUAGE_STANDARD = gnu99;
				GCC_NO_COMMON_BLOCKS = YES;
				GCC_WARN_64_TO_32_BIT_CONVERSION = YES;
				GCC_WARN_ABOUT_RETURN_TYPE = YES_ERROR;
				GCC_WARN_UNDECLARED_SELECTOR = YES;
				GCC_WARN_UNINITIALIZED_AUTOS = YES_AGGRESSIVE;
				GCC_WARN_UNUSED_FUNCTION = YES;
				GCC_WARN_UNUSED_VARIABLE = YES;
				IPHONEOS_DEPLOYMENT_TARGET = 9.1;
				MTL_ENABLE_DEBUG_INFO = NO;
				SDKROOT = iphoneos;
				VALIDATE_PRODUCT = YES;
			};
			name = Release;
		};
		1F7F5C091C034A8D0057BC13 /* Debug */ = {
			isa = XCBuildConfiguration;
			buildSettings = {
				ASSETCATALOG_COMPILER_APPICON_NAME = AppIcon;
				INFOPLIST_FILE = "Q&A/Info.plist";
				LD_RUNPATH_SEARCH_PATHS = "$(inherited) @executable_path/Frameworks";
				PRODUCT_BUNDLE_IDENTIFIER = "net.suool.Q-A";
				PRODUCT_NAME = "$(TARGET_NAME)";
			};
			name = Debug;
		};
		1F7F5C0A1C034A8D0057BC13 /* Release */ = {
			isa = XCBuildConfiguration;
			buildSettings = {
				ASSETCATALOG_COMPILER_APPICON_NAME = AppIcon;
				INFOPLIST_FILE = "Q&A/Info.plist";
				LD_RUNPATH_SEARCH_PATHS = "$(inherited) @executable_path/Frameworks";
				PRODUCT_BUNDLE_IDENTIFIER = "net.suool.Q-A";
				PRODUCT_NAME = "$(TARGET_NAME)";
			};
			name = Release;
		};
/* End XCBuildConfiguration section */

/* Begin XCConfigurationList section */
		1F7F5BF11C034A8D0057BC13 /* Build configuration list for PBXProject "Q&A" */ = {
			isa = XCConfigurationList;
			buildConfigurations = (
				1F7F5C061C034A8D0057BC13 /* Debug */,
				1F7F5C071C034A8D0057BC13 /* Release */,
			);
			defaultConfigurationIsVisible = 0;
			defaultConfigurationName = Release;
		};
		1F7F5C081C034A8D0057BC13 /* Build configuration list for PBXNativeTarget "Q&A" */ = {
			isa = XCConfigurationList;
			buildConfigurations = (
				1F7F5C091C034A8D0057BC13 /* Debug */,
				1F7F5C0A1C034A8D0057BC13 /* Release */,
			);
			defaultConfigurationIsVisible = 0;
		};
/* End XCConfigurationList section */
	};
	rootObject = 1F7F5BEE1C034A8D0057BC13 /* Project object */;
}
