// !$*UTF8*$!
{
	archiveVersion = 1;
	classes = {
	};
	objectVersion = 46;
	objects = {

/* Begin PBXBuildFile section */
		1F70B6251C4A7378004EFD00 /* main.m in Sources */ = {isa = PBXBuildFile; fileRef = 1F70B6241C4A7378004EFD00 /* main.m */; };
/* End PBXBuildFile section */

/* Begin PBXCopyFilesBuildPhase section */
		1F70B61F1C4A7378004EFD00 /* CopyFiles */ = {
			isa = PBXCopyFilesBuildPhase;
			buildActionMask = 2147483647;
			dstPath = /usr/share/man/man1/;
			dstSubfolderSpec = 0;
			files = (
			);
			runOnlyForDeploymentPostprocessing = 1;
		};
/* End PBXCopyFilesBuildPhase section */

/* Begin PBXFileReference section */
		1F70B6211C4A7378004EFD00 /* GeekBandHomeWorkAnimal */ = {isa = PBXFileReference; explicitFileType = "compiled.mach-o.executable"; includeInIndex = 0; path = GeekBandHomeWorkAnimal; sourceTree = BUILT_PRODUCTS_DIR; };
		1F70B6241C4A7378004EFD00 /* main.m */ = {isa = PBXFileReference; lastKnownFileType = sourcecode.c.objc; path = main.m; sourceTree = "<group>"; };
/* End PBXFileReference section */

/* Begin PBXFrameworksBuildPhase section */
		1F70B61E1C4A7378004EFD00 /* Frameworks */ = {
			isa = PBXFrameworksBuildPhase;
			buildActionMask = 2147483647;
			files = (
			);
			runOnlyForDeploymentPostprocessing = 0;
		};
/* End PBXFrameworksBuildPhase section */

/* Begin PBXGroup section */
		1F70B6181C4A7378004EFD00 = {
			isa = PBXGroup;
			children = (
				1F70B6231C4A7378004EFD00 /* GeekBandHomeWorkAnimal */,
				1F70B6221C4A7378004EFD00 /* Products */,
			);
			sourceTree = "<group>";
		};
		1F70B6221C4A7378004EFD00 /* Products */ = {
			isa = PBXGroup;
			children = (
				1F70B6211C4A7378004EFD00 /* GeekBandHomeWorkAnimal */,
			);
			name = Products;
			sourceTree = "<group>";
		};
		1F70B6231C4A7378004EFD00 /* GeekBandHomeWorkAnimal */ = {
			isa = PBXGroup;
			children = (
				1F70B6241C4A7378004EFD00 /* main.m */,
			);
			path = GeekBandHomeWorkAnimal;
			sourceTree = "<group>";
		};
/* End PBXGroup section */

/* Begin PBXNativeTarget section */
		1F70B6201C4A7378004EFD00 /* GeekBandHomeWorkAnimal */ = {
			isa = PBXNativeTarget;
			buildConfigurationList = 1F70B6281C4A7378004EFD00 /* Build configuration list for PBXNativeTarget "GeekBandHomeWorkAnimal" */;
			buildPhases = (
				1F70B61D1C4A7378004EFD00 /* Sources */,
				1F70B61E1C4A7378004EFD00 /* Frameworks */,
				1F70B61F1C4A7378004EFD00 /* CopyFiles */,
			);
			buildRules = (
			);
			dependencies = (
			);
			name = GeekBandHomeWorkAnimal;
			productName = GeekBandHomeWorkAnimal;
			productReference = 1F70B6211C4A7378004EFD00 /* GeekBandHomeWorkAnimal */;
			productType = "com.apple.product-type.tool";
		};
/* End PBXNativeTarget section */

/* Begin PBXProject section */
		1F70B6191C4A7378004EFD00 /* Project object */ = {
			isa = PBXProject;
			attributes = {
				LastUpgradeCheck = 0710;
				ORGANIZATIONNAME = "胡振生";
				TargetAttributes = {
					1F70B6201C4A7378004EFD00 = {
						CreatedOnToolsVersion = 7.1;
					};
				};
			};
			buildConfigurationList = 1F70B61C1C4A7378004EFD00 /* Build configuration list for PBXProject "GeekBandHomeWorkAnimal" */;
			compatibilityVersion = "Xcode 3.2";
			developmentRegion = English;
			hasScannedForEncodings = 0;
			knownRegions = (
				en,
			);
			mainGroup = 1F70B6181C4A7378004EFD00;
			productRefGroup = 1F70B6221C4A7378004EFD00 /* Products */;
			projectDirPath = "";
			projectRoot = "";
			targets = (
				1F70B6201C4A7378004EFD00 /* GeekBandHomeWorkAnimal */,
			);
		};
/* End PBXProject section */

/* Begin PBXSourcesBuildPhase section */
		1F70B61D1C4A7378004EFD00 /* Sources */ = {
			isa = PBXSourcesBuildPhase;
			buildActionMask = 2147483647;
			files = (
				1F70B6251C4A7378004EFD00 /* main.m in Sources */,
			);
			runOnlyForDeploymentPostprocessing = 0;
		};
/* End PBXSourcesBuildPhase section */

/* Begin XCBuildConfiguration section */
		1F70B6261C4A7378004EFD00 /* Debug */ = {
			isa = XCBuildConfiguration;
			buildSettings = {
				ALWAYS_SEARCH_USER_PATHS = NO;
				CLANG_CXX_LANGUAGE_STANDARD = "gnu++0x";
				CLANG_CXX_LIBRARY = "libc++";
				CLANG_ENABLE_MODULES = YES;
				CLANG_ENABLE_OBJC_ARC = YES;
				CLANG_WARN_BOOL_CONVERSION = YES;
				CLANG_WARN_CONSTANT_CONVERSION = YES;
				CLANG_WARN_DIRECT_OBJC_ISA_USAGE = YES_ERROR;
				CLANG_WARN_EMPTY_BODY = YES;
				CLANG_WARN_ENUM_CONVERSION = YES;
				CLANG_WARN_INT_CONVERSION = YES;
				CLANG_WARN_OBJC_ROOT_CLASS = YES_ERROR;
				CLANG_WARN_UNREACHABLE_CODE = YES;
				CLANG_WARN__DUPLICATE_METHOD_MATCH = YES;
				CODE_SIGN_IDENTITY = "-";
				COPY_PHASE_STRIP = NO;
				DEBUG_INFORMATION_FORMAT = dwarf;
				ENABLE_STRICT_OBJC_MSGSEND = YES;
				ENABLE_TESTABILITY = YES;
				GCC_C_LANGUAGE_STANDARD = gnu99;
				GCC_DYNAMIC_NO_PIC = NO;
				GCC_NO_COMMON_BLOCKS = YES;
				GCC_OPTIMIZATION_LEVEL = 0;
				GCC_PREPROCESSOR_DEFINITIONS = (
					"DEBUG=1",
					"$(inherited)",
				);
				GCC_WARN_64_TO_32_BIT_CONVERSION = YES;
				GCC_WARN_ABOUT_RETURN_TYPE = YES_ERROR;
				GCC_WARN_UNDECLARED_SELECTOR = YES;
				GCC_WARN_UNINITIALIZED_AUTOS = YES_AGGRESSIVE;
				GCC_WARN_UNUSED_FUNCTION = YES;
				GCC_WARN_UNUSED_VARIABLE = YES;
				MACOSX_DEPLOYMENT_TARGET = 10.11;
				MTL_ENABLE_DEBUG_INFO = YES;
				ONLY_ACTIVE_ARCH = YES;
				SDKROOT = macosx;
			};
			name = Debug;
		};
		1F70B6271C4A7378004EFD00 /* Release */ = {
			isa = XCBuildConfiguration;
			buildSettings = {
				ALWAYS_SEARCH_USER_PATHS = NO;
				CLANG_CXX_LANGUAGE_STANDARD = "gnu++0x";
				CLANG_CXX_LIBRARY = "libc++";
				CLANG_ENABLE_MODULES = YES;
				CLANG_ENABLE_OBJC_ARC = YES;
				CLANG_WARN_BOOL_CONVERSION = YES;
				CLANG_WARN_CONSTANT_CONVERSION = YES;
				CLANG_WARN_DIRECT_OBJC_ISA_USAGE = YES_ERROR;
				CLANG_WARN_EMPTY_BODY = YES;
				CLANG_WARN_ENUM_CONVERSION = YES;
				CLANG_WARN_INT_CONVERSION = YES;
				CLANG_WARN_OBJC_ROOT_CLASS = YES_ERROR;
				CLANG_WARN_UNREACHABLE_CODE = YES;
				CLANG_WARN__DUPLICATE_METHOD_MATCH = YES;
				CODE_SIGN_IDENTITY = "-";
				COPY_PHASE_STRIP = NO;
				DEBUG_INFORMATION_FORMAT = "dwarf-with-dsym";
				ENABLE_NS_ASSERTIONS = NO;
				ENABLE_STRICT_OBJC_MSGSEND = YES;
				GCC_C_LANGUAGE_STANDARD = gnu99;
				GCC_NO_COMMON_BLOCKS = YES;
				GCC_WARN_64_TO_32_BIT_CONVERSION = YES;
				GCC_WARN_ABOUT_RETURN_TYPE = YES_ERROR;
				GCC_WARN_UNDECLARED_SELECTOR = YES;
				GCC_WARN_UNINITIALIZED_AUTOS = YES_AGGRESSIVE;
				GCC_WARN_UNUSED_FUNCTION = YES;
				GCC_WARN_UNUSED_VARIABLE = YES;
				MACOSX_DEPLOYMENT_TARGET = 10.11;
				MTL_ENABLE_DEBUG_INFO = NO;
				SDKROOT = macosx;
			};
			name = Release;
		};
		1F70B6291C4A7378004EFD00 /* Debug */ = {
			isa = XCBuildConfiguration;
			buildSettings = {
				PRODUCT_NAME = "$(TARGET_NAME)";
			};
			name = Debug;
		};
		1F70B62A1C4A7378004EFD00 /* Release */ = {
			isa = XCBuildConfiguration;
			buildSettings = {
				PRODUCT_NAME = "$(TARGET_NAME)";
			};
			name = Release;
		};
/* End XCBuildConfiguration section */

/* Begin XCConfigurationList section */
		1F70B61C1C4A7378004EFD00 /* Build configuration list for PBXProject "GeekBandHomeWorkAnimal" */ = {
			isa = XCConfigurationList;
			buildConfigurations = (
				1F70B6261C4A7378004EFD00 /* Debug */,
				1F70B6271C4A7378004EFD00 /* Release */,
			);
			defaultConfigurationIsVisible = 0;
			defaultConfigurationName = Release;
		};
		1F70B6281C4A7378004EFD00 /* Build configuration list for PBXNativeTarget "GeekBandHomeWorkAnimal" */ = {
			isa = XCConfigurationList;
			buildConfigurations = (
				1F70B6291C4A7378004EFD00 /* Debug */,
				1F70B62A1C4A7378004EFD00 /* Release */,
			);
			defaultConfigurationIsVisible = 0;
		};
/* End XCConfigurationList section */
	};
	rootObject = 1F70B6191C4A7378004EFD00 /* Project object */;
}
